// !$*UTF8*$!
{
	archiveVersion = 1;
	classes = {
	};
	objectVersion = 56;
	objects = {

/* Begin PBXBuildFile section */
		4B30E9442C3FB175006D2F3F /* MojiHyoujiViewController.swift in Sources */ = {isa = PBXBuildFile; fileRef = 4B30E9432C3FB175006D2F3F /* MojiHyoujiViewController.swift */; };
		4B5228D62CC6230500427F75 /* Assets.xcassets in Resources */ = {isa = PBXBuildFile; fileRef = 4B5228D52CC6230500427F75 /* Assets.xcassets */; };
		4B5228DA2CC62C6E00427F75 /* FirstDate.mp4 in Resources */ = {isa = PBXBuildFile; fileRef = 4B5228D92CC62B8800427F75 /* FirstDate.mp4 */; };
		4B5228DD2CCA0FDC00427F75 /* TiDate1ViewController.swift in Sources */ = {isa = PBXBuildFile; fileRef = 4B5228DC2CCA0FDC00427F75 /* TiDate1ViewController.swift */; };
		4B5228E02CCA14E600427F75 /* TiDate2ViewController.swift in Sources */ = {isa = PBXBuildFile; fileRef = 4B5228DF2CCA14E600427F75 /* TiDate2ViewController.swift */; };
		4B5228E62CCA1A7000427F75 /* TiDate2.mp4 in Resources */ = {isa = PBXBuildFile; fileRef = 4B5228E52CCA1A7000427F75 /* TiDate2.mp4 */; };
		4B5228E82CCA1A7900427F75 /* TiBar1.mp4 in Resources */ = {isa = PBXBuildFile; fileRef = 4B5228E72CCA1A7900427F75 /* TiBar1.mp4 */; };
		4B5228EA2CCA1A8200427F75 /* TiBar2.mp4 in Resources */ = {isa = PBXBuildFile; fileRef = 4B5228E92CCA1A8200427F75 /* TiBar2.mp4 */; };
		4B5228EC2CCA1BDE00427F75 /* TiBar1ViewController.swift in Sources */ = {isa = PBXBuildFile; fileRef = 4B5228EB2CCA1BDE00427F75 /* TiBar1ViewController.swift */; };
		4B5228EE2CCA1BF600427F75 /* TiBar2ViewController.swift in Sources */ = {isa = PBXBuildFile; fileRef = 4B5228ED2CCA1BF600427F75 /* TiBar2ViewController.swift */; };
		4B5228F02CCA1D6A00427F75 /* TiBar3.mp4 in Resources */ = {isa = PBXBuildFile; fileRef = 4B5228EF2CCA1D6A00427F75 /* TiBar3.mp4 */; };
		4B5228F22CCA1E9C00427F75 /* TiBar3ViewController.swift in Sources */ = {isa = PBXBuildFile; fileRef = 4B5228F12CCA1E9C00427F75 /* TiBar3ViewController.swift */; };
		4B5228F62CCA1FFF00427F75 /* TiBar4ViewController.swift in Sources */ = {isa = PBXBuildFile; fileRef = 4B5228F52CCA1FFF00427F75 /* TiBar4ViewController.swift */; };
		4B559BE82CA52970004C3004 /* MatchingSonoyamaTakeru.mp4 in Resources */ = {isa = PBXBuildFile; fileRef = 4B559BE32CA52970004C3004 /* MatchingSonoyamaTakeru.mp4 */; };
		4B559BE92CA52970004C3004 /* MatchingTanakaIssin.mp4 in Resources */ = {isa = PBXBuildFile; fileRef = 4B559BE42CA52970004C3004 /* MatchingTanakaIssin.mp4 */; };
		4B559BEA2CA52970004C3004 /* MatchingYamauchiKouki.mp4 in Resources */ = {isa = PBXBuildFile; fileRef = 4B559BE52CA52970004C3004 /* MatchingYamauchiKouki.mp4 */; };
		4B559BEB2CA52970004C3004 /* MatchingSayamaRiku.mp4 in Resources */ = {isa = PBXBuildFile; fileRef = 4B559BE62CA52970004C3004 /* MatchingSayamaRiku.mp4 */; };
		4B559BEC2CA52970004C3004 /* MatchingSatouTakashi.mp4 in Resources */ = {isa = PBXBuildFile; fileRef = 4B559BE72CA52970004C3004 /* MatchingSatouTakashi.mp4 */; };
		4B559BEE2CAFB269004C3004 /* DateYamauchiKoukiViewController.swift in Sources */ = {isa = PBXBuildFile; fileRef = 4B559BED2CAFB269004C3004 /* DateYamauchiKoukiViewController.swift */; };
		4B57D65C2BF5CADE00AE03A0 /* AppDelegate.swift in Sources */ = {isa = PBXBuildFile; fileRef = 4B57D65B2BF5CADE00AE03A0 /* AppDelegate.swift */; };
		4B57D65E2BF5CADE00AE03A0 /* SceneDelegate.swift in Sources */ = {isa = PBXBuildFile; fileRef = 4B57D65D2BF5CADE00AE03A0 /* SceneDelegate.swift */; };
		4B57D6602BF5CADE00AE03A0 /* ViewController.swift in Sources */ = {isa = PBXBuildFile; fileRef = 4B57D65F2BF5CADE00AE03A0 /* ViewController.swift */; };
		4B57D6632BF5CADE00AE03A0 /* Main.storyboard in Resources */ = {isa = PBXBuildFile; fileRef = 4B57D6612BF5CADE00AE03A0 /* Main.storyboard */; };
		4B57D6682BF5CAE100AE03A0 /* LaunchScreen.storyboard in Resources */ = {isa = PBXBuildFile; fileRef = 4B57D6662BF5CAE100AE03A0 /* LaunchScreen.storyboard */; };
		4B7596F72CB7A2BF00F1097C /* MatchingYamauchiKouikiOneViewController.swift in Sources */ = {isa = PBXBuildFile; fileRef = 4B7596F62CB7A2BF00F1097C /* MatchingYamauchiKouikiOneViewController.swift */; };
		4BB655332CD348AD00A821F8 /* SrDate0ViewController.swift in Sources */ = {isa = PBXBuildFile; fileRef = 4BB655322CD348AD00A821F8 /* SrDate0ViewController.swift */; };
		4BB655352CD34EE200A821F8 /* JjiDate1.mp4 in Resources */ = {isa = PBXBuildFile; fileRef = 4BB655342CD34EE200A821F8 /* JjiDate1.mp4 */; };
		4BB655372CD3512100A821F8 /* JjiDate1ViewController.swift in Sources */ = {isa = PBXBuildFile; fileRef = 4BB655362CD3512100A821F8 /* JjiDate1ViewController.swift */; };
		4BB655392CD3523E00A821F8 /* JjiDate2ViewController.swift in Sources */ = {isa = PBXBuildFile; fileRef = 4BB655382CD3523E00A821F8 /* JjiDate2ViewController.swift */; };
		4BB6553A2CD3548200A821F8 /* TiDate1.mp4 in Resources */ = {isa = PBXBuildFile; fileRef = 4BF173822CD0A8A6008873CB /* TiDate1.mp4 */; };
		4BB6553C2CD3578C00A821F8 /* JjiDate2.mp4 in Resources */ = {isa = PBXBuildFile; fileRef = 4BB6553B2CD3578C00A821F8 /* JjiDate2.mp4 */; };
		4BB6553E2CD3592D00A821F8 /* StDate1ViewController.swift in Sources */ = {isa = PBXBuildFile; fileRef = 4BB6553D2CD3592D00A821F8 /* StDate1ViewController.swift */; };
		4BB655402CD35D4800A821F8 /* JjiDate3.mp4 in Resources */ = {isa = PBXBuildFile; fileRef = 4BB6553F2CD35D4800A821F8 /* JjiDate3.mp4 */; };
		4BB655422CD35DBC00A821F8 /* JjiDate3ViewController.swift in Sources */ = {isa = PBXBuildFile; fileRef = 4BB655412CD35DBC00A821F8 /* JjiDate3ViewController.swift */; };
		4BC6550A2CDB3D3D006E581E /* StDate1.mp4 in Resources */ = {isa = PBXBuildFile; fileRef = 4BC655092CDB3D3D006E581E /* StDate1.mp4 */; };
		4BC6550C2CDB3D4C006E581E /* StDate2.mp4 in Resources */ = {isa = PBXBuildFile; fileRef = 4BC6550B2CDB3D4C006E581E /* StDate2.mp4 */; };
		4BC6550E2CDB3E92006E581E /* StDate2ViewController.swift in Sources */ = {isa = PBXBuildFile; fileRef = 4BC6550D2CDB3E92006E581E /* StDate2ViewController.swift */; };
		4BF0FB8B2CC619D000BF7D75 /* MatchingTanakaIssinViewController.swift in Sources */ = {isa = PBXBuildFile; fileRef = 4BF0FB8A2CC619D000BF7D75 /* MatchingTanakaIssinViewController.swift */; };
		4BF0FB8D2CC61AE300BF7D75 /* DateTanakaIssinViewController.swift in Sources */ = {isa = PBXBuildFile; fileRef = 4BF0FB8C2CC61AE300BF7D75 /* DateTanakaIssinViewController.swift */; };
		4BF1735C2CCB6B53008873CB /* TiBar4.mp4 in Resources */ = {isa = PBXBuildFile; fileRef = 4BF1735B2CCB6B53008873CB /* TiBar4.mp4 */; };
		4BF1735E2CCB6B5D008873CB /* TiBar5.mp4 in Resources */ = {isa = PBXBuildFile; fileRef = 4BF1735D2CCB6B5D008873CB /* TiBar5.mp4 */; };
		4BF173602CCB6B68008873CB /* TiBar6.mp4 in Resources */ = {isa = PBXBuildFile; fileRef = 4BF1735F2CCB6B68008873CB /* TiBar6.mp4 */; };
		4BF173622CCB6BC1008873CB /* TiBar5ViewController.swift in Sources */ = {isa = PBXBuildFile; fileRef = 4BF173612CCB6BC1008873CB /* TiBar5ViewController.swift */; };
		4BF173642CCB6BED008873CB /* TiBar6ViewController.swift in Sources */ = {isa = PBXBuildFile; fileRef = 4BF173632CCB6BED008873CB /* TiBar6ViewController.swift */; };
		4BF173662CCB6D4A008873CB /* SrDate1.mp4 in Resources */ = {isa = PBXBuildFile; fileRef = 4BF173652CCB6D49008873CB /* SrDate1.mp4 */; };
		4BF173682CCB6D56008873CB /* SrDate2.mp4 in Resources */ = {isa = PBXBuildFile; fileRef = 4BF173672CCB6D56008873CB /* SrDate2.mp4 */; };
		4BF1736A2CCB6D81008873CB /* SrDate1ViewController.swift in Sources */ = {isa = PBXBuildFile; fileRef = 4BF173692CCB6D81008873CB /* SrDate1ViewController.swift */; };
		4BF1736C2CCB6DAE008873CB /* SrDate2ViewController.swift in Sources */ = {isa = PBXBuildFile; fileRef = 4BF1736B2CCB6DAE008873CB /* SrDate2ViewController.swift */; };
		4BF1736E2CCB71CF008873CB /* YkDate1ViewController.swift in Sources */ = {isa = PBXBuildFile; fileRef = 4BF1736D2CCB71CF008873CB /* YkDate1ViewController.swift */; };
		4BF173702CCB7209008873CB /* YkDate2ViewController.swift in Sources */ = {isa = PBXBuildFile; fileRef = 4BF1736F2CCB7209008873CB /* YkDate2ViewController.swift */; };
		4BF173722CCB741B008873CB /* YkDate1.mp4 in Resources */ = {isa = PBXBuildFile; fileRef = 4BF173712CCB741B008873CB /* YkDate1.mp4 */; };
		4BF173742CCB7423008873CB /* YkDate2.mp4 in Resources */ = {isa = PBXBuildFile; fileRef = 4BF173732CCB7423008873CB /* YkDate2.mp4 */; };
		4BF173762CD0A174008873CB /* SrDate3ViewController.swift in Sources */ = {isa = PBXBuildFile; fileRef = 4BF173752CD0A174008873CB /* SrDate3ViewController.swift */; };
		4BF173782CD0A628008873CB /* MatchingSatouTakashiViewControllerViewController.swift in Sources */ = {isa = PBXBuildFile; fileRef = 4BF173772CD0A628008873CB /* MatchingSatouTakashiViewControllerViewController.swift */; };
		4BF1737D2CD0A6FA008873CB /* MatchingSayamaRikuViewController.swift in Sources */ = {isa = PBXBuildFile; fileRef = 4BF1737C2CD0A6FA008873CB /* MatchingSayamaRikuViewController.swift */; };
		4BF173892CD0AB9E008873CB /* MatchingSonoyamaTakeruViewController.swift in Sources */ = {isa = PBXBuildFile; fileRef = 4BF173882CD0AB9E008873CB /* MatchingSonoyamaTakeruViewController.swift */; };
		4BF4F9822C2BE6150073A443 /* UserSelect.swift in Sources */ = {isa = PBXBuildFile; fileRef = 4BF4F9812C2BE6150073A443 /* UserSelect.swift */; };
/* End PBXBuildFile section */

/* Begin PBXFileReference section */
		4B30E9432C3FB175006D2F3F /* MojiHyoujiViewController.swift */ = {isa = PBXFileReference; lastKnownFileType = sourcecode.swift; path = MojiHyoujiViewController.swift; sourceTree = "<group>"; };
		4B5228D52CC6230500427F75 /* Assets.xcassets */ = {isa = PBXFileReference; lastKnownFileType = folder.assetcatalog; path = Assets.xcassets; sourceTree = "<group>"; };
		4B5228D92CC62B8800427F75 /* FirstDate.mp4 */ = {isa = PBXFileReference; lastKnownFileType = file; path = FirstDate.mp4; sourceTree = "<group>"; };
		4B5228DC2CCA0FDC00427F75 /* TiDate1ViewController.swift */ = {isa = PBXFileReference; lastKnownFileType = sourcecode.swift; path = TiDate1ViewController.swift; sourceTree = "<group>"; };
		4B5228DF2CCA14E600427F75 /* TiDate2ViewController.swift */ = {isa = PBXFileReference; lastKnownFileType = sourcecode.swift; path = TiDate2ViewController.swift; sourceTree = "<group>"; };
		4B5228E52CCA1A7000427F75 /* TiDate2.mp4 */ = {isa = PBXFileReference; lastKnownFileType = file; path = TiDate2.mp4; sourceTree = "<group>"; };
		4B5228E72CCA1A7900427F75 /* TiBar1.mp4 */ = {isa = PBXFileReference; lastKnownFileType = file; path = TiBar1.mp4; sourceTree = "<group>"; };
		4B5228E92CCA1A8200427F75 /* TiBar2.mp4 */ = {isa = PBXFileReference; lastKnownFileType = file; path = TiBar2.mp4; sourceTree = "<group>"; };
		4B5228EB2CCA1BDE00427F75 /* TiBar1ViewController.swift */ = {isa = PBXFileReference; lastKnownFileType = sourcecode.swift; path = TiBar1ViewController.swift; sourceTree = "<group>"; };
		4B5228ED2CCA1BF600427F75 /* TiBar2ViewController.swift */ = {isa = PBXFileReference; lastKnownFileType = sourcecode.swift; path = TiBar2ViewController.swift; sourceTree = "<group>"; };
		4B5228EF2CCA1D6A00427F75 /* TiBar3.mp4 */ = {isa = PBXFileReference; lastKnownFileType = file; path = TiBar3.mp4; sourceTree = "<group>"; };
		4B5228F12CCA1E9C00427F75 /* TiBar3ViewController.swift */ = {isa = PBXFileReference; lastKnownFileType = sourcecode.swift; path = TiBar3ViewController.swift; sourceTree = "<group>"; };
		4B5228F52CCA1FFF00427F75 /* TiBar4ViewController.swift */ = {isa = PBXFileReference; lastKnownFileType = sourcecode.swift; path = TiBar4ViewController.swift; sourceTree = "<group>"; };
		4B559BE32CA52970004C3004 /* MatchingSonoyamaTakeru.mp4 */ = {isa = PBXFileReference; lastKnownFileType = file; path = MatchingSonoyamaTakeru.mp4; sourceTree = "<group>"; };
		4B559BE42CA52970004C3004 /* MatchingTanakaIssin.mp4 */ = {isa = PBXFileReference; lastKnownFileType = file; path = MatchingTanakaIssin.mp4; sourceTree = "<group>"; };
		4B559BE52CA52970004C3004 /* MatchingYamauchiKouki.mp4 */ = {isa = PBXFileReference; lastKnownFileType = file; path = MatchingYamauchiKouki.mp4; sourceTree = "<group>"; };
		4B559BE62CA52970004C3004 /* MatchingSayamaRiku.mp4 */ = {isa = PBXFileReference; lastKnownFileType = file; path = MatchingSayamaRiku.mp4; sourceTree = "<group>"; };
		4B559BE72CA52970004C3004 /* MatchingSatouTakashi.mp4 */ = {isa = PBXFileReference; lastKnownFileType = file; path = MatchingSatouTakashi.mp4; sourceTree = "<group>"; };
		4B559BED2CAFB269004C3004 /* DateYamauchiKoukiViewController.swift */ = {isa = PBXFileReference; lastKnownFileType = sourcecode.swift; path = DateYamauchiKoukiViewController.swift; sourceTree = "<group>"; };
		4B57D6582BF5CADE00AE03A0 /* sotsugyo.app */ = {isa = PBXFileReference; explicitFileType = wrapper.application; includeInIndex = 0; path = sotsugyo.app; sourceTree = BUILT_PRODUCTS_DIR; };
		4B57D65B2BF5CADE00AE03A0 /* AppDelegate.swift */ = {isa = PBXFileReference; lastKnownFileType = sourcecode.swift; path = AppDelegate.swift; sourceTree = "<group>"; };
		4B57D65D2BF5CADE00AE03A0 /* SceneDelegate.swift */ = {isa = PBXFileReference; lastKnownFileType = sourcecode.swift; path = SceneDelegate.swift; sourceTree = "<group>"; };
		4B57D65F2BF5CADE00AE03A0 /* ViewController.swift */ = {isa = PBXFileReference; lastKnownFileType = sourcecode.swift; path = ViewController.swift; sourceTree = "<group>"; };
		4B57D6622BF5CADE00AE03A0 /* Base */ = {isa = PBXFileReference; lastKnownFileType = file.storyboard; name = Base; path = Base.lproj/Main.storyboard; sourceTree = "<group>"; };
		4B57D6672BF5CAE100AE03A0 /* Base */ = {isa = PBXFileReference; lastKnownFileType = file.storyboard; name = Base; path = Base.lproj/LaunchScreen.storyboard; sourceTree = "<group>"; };
		4B57D6692BF5CAE100AE03A0 /* Info.plist */ = {isa = PBXFileReference; lastKnownFileType = text.plist.xml; path = Info.plist; sourceTree = "<group>"; };
		4B7596F62CB7A2BF00F1097C /* MatchingYamauchiKouikiOneViewController.swift */ = {isa = PBXFileReference; lastKnownFileType = sourcecode.swift; path = MatchingYamauchiKouikiOneViewController.swift; sourceTree = "<group>"; };
		4BB655322CD348AD00A821F8 /* SrDate0ViewController.swift */ = {isa = PBXFileReference; lastKnownFileType = sourcecode.swift; path = SrDate0ViewController.swift; sourceTree = "<group>"; };
		4BB655342CD34EE200A821F8 /* JjiDate1.mp4 */ = {isa = PBXFileReference; lastKnownFileType = file; path = JjiDate1.mp4; sourceTree = "<group>"; };
		4BB655362CD3512100A821F8 /* JjiDate1ViewController.swift */ = {isa = PBXFileReference; lastKnownFileType = sourcecode.swift; path = JjiDate1ViewController.swift; sourceTree = "<group>"; };
		4BB655382CD3523E00A821F8 /* JjiDate2ViewController.swift */ = {isa = PBXFileReference; lastKnownFileType = sourcecode.swift; path = JjiDate2ViewController.swift; sourceTree = "<group>"; };
		4BB6553B2CD3578C00A821F8 /* JjiDate2.mp4 */ = {isa = PBXFileReference; lastKnownFileType = file; path = JjiDate2.mp4; sourceTree = "<group>"; };
		4BB6553D2CD3592D00A821F8 /* StDate1ViewController.swift */ = {isa = PBXFileReference; lastKnownFileType = sourcecode.swift; path = StDate1ViewController.swift; sourceTree = "<group>"; };
		4BB6553F2CD35D4800A821F8 /* JjiDate3.mp4 */ = {isa = PBXFileReference; lastKnownFileType = file; path = JjiDate3.mp4; sourceTree = "<group>"; };
		4BB655412CD35DBC00A821F8 /* JjiDate3ViewController.swift */ = {isa = PBXFileReference; lastKnownFileType = sourcecode.swift; path = JjiDate3ViewController.swift; sourceTree = "<group>"; };
		4BC655092CDB3D3D006E581E /* StDate1.mp4 */ = {isa = PBXFileReference; lastKnownFileType = file; path = StDate1.mp4; sourceTree = "<group>"; };
		4BC6550B2CDB3D4C006E581E /* StDate2.mp4 */ = {isa = PBXFileReference; lastKnownFileType = file; path = StDate2.mp4; sourceTree = "<group>"; };
		4BC6550D2CDB3E92006E581E /* StDate2ViewController.swift */ = {isa = PBXFileReference; lastKnownFileType = sourcecode.swift; path = StDate2ViewController.swift; sourceTree = "<group>"; };
		4BF0FB8A2CC619D000BF7D75 /* MatchingTanakaIssinViewController.swift */ = {isa = PBXFileReference; lastKnownFileType = sourcecode.swift; path = MatchingTanakaIssinViewController.swift; sourceTree = "<group>"; };
		4BF0FB8C2CC61AE300BF7D75 /* DateTanakaIssinViewController.swift */ = {isa = PBXFileReference; lastKnownFileType = sourcecode.swift; path = DateTanakaIssinViewController.swift; sourceTree = "<group>"; };
		4BF1735B2CCB6B53008873CB /* TiBar4.mp4 */ = {isa = PBXFileReference; lastKnownFileType = file; path = TiBar4.mp4; sourceTree = "<group>"; };
		4BF1735D2CCB6B5D008873CB /* TiBar5.mp4 */ = {isa = PBXFileReference; lastKnownFileType = file; path = TiBar5.mp4; sourceTree = "<group>"; };
		4BF1735F2CCB6B68008873CB /* TiBar6.mp4 */ = {isa = PBXFileReference; lastKnownFileType = file; path = TiBar6.mp4; sourceTree = "<group>"; };
		4BF173612CCB6BC1008873CB /* TiBar5ViewController.swift */ = {isa = PBXFileReference; lastKnownFileType = sourcecode.swift; path = TiBar5ViewController.swift; sourceTree = "<group>"; };
		4BF173632CCB6BED008873CB /* TiBar6ViewController.swift */ = {isa = PBXFileReference; lastKnownFileType = sourcecode.swift; path = TiBar6ViewController.swift; sourceTree = "<group>"; };
		4BF173652CCB6D49008873CB /* SrDate1.mp4 */ = {isa = PBXFileReference; lastKnownFileType = file; path = SrDate1.mp4; sourceTree = "<group>"; };
		4BF173672CCB6D56008873CB /* SrDate2.mp4 */ = {isa = PBXFileReference; lastKnownFileType = file; path = SrDate2.mp4; sourceTree = "<group>"; };
		4BF173692CCB6D81008873CB /* SrDate1ViewController.swift */ = {isa = PBXFileReference; lastKnownFileType = sourcecode.swift; path = SrDate1ViewController.swift; sourceTree = "<group>"; };
		4BF1736B2CCB6DAE008873CB /* SrDate2ViewController.swift */ = {isa = PBXFileReference; lastKnownFileType = sourcecode.swift; path = SrDate2ViewController.swift; sourceTree = "<group>"; };
		4BF1736D2CCB71CF008873CB /* YkDate1ViewController.swift */ = {isa = PBXFileReference; lastKnownFileType = sourcecode.swift; path = YkDate1ViewController.swift; sourceTree = "<group>"; };
		4BF1736F2CCB7209008873CB /* YkDate2ViewController.swift */ = {isa = PBXFileReference; lastKnownFileType = sourcecode.swift; path = YkDate2ViewController.swift; sourceTree = "<group>"; };
		4BF173712CCB741B008873CB /* YkDate1.mp4 */ = {isa = PBXFileReference; lastKnownFileType = file; path = YkDate1.mp4; sourceTree = "<group>"; };
		4BF173732CCB7423008873CB /* YkDate2.mp4 */ = {isa = PBXFileReference; lastKnownFileType = file; path = YkDate2.mp4; sourceTree = "<group>"; };
		4BF173752CD0A174008873CB /* SrDate3ViewController.swift */ = {isa = PBXFileReference; lastKnownFileType = sourcecode.swift; path = SrDate3ViewController.swift; sourceTree = "<group>"; };
		4BF173772CD0A628008873CB /* MatchingSatouTakashiViewControllerViewController.swift */ = {isa = PBXFileReference; lastKnownFileType = sourcecode.swift; path = MatchingSatouTakashiViewControllerViewController.swift; sourceTree = "<group>"; };
		4BF1737C2CD0A6FA008873CB /* MatchingSayamaRikuViewController.swift */ = {isa = PBXFileReference; lastKnownFileType = sourcecode.swift; path = MatchingSayamaRikuViewController.swift; sourceTree = "<group>"; };
		4BF173822CD0A8A6008873CB /* TiDate1.mp4 */ = {isa = PBXFileReference; lastKnownFileType = file; path = TiDate1.mp4; sourceTree = "<group>"; };
		4BF173882CD0AB9E008873CB /* MatchingSonoyamaTakeruViewController.swift */ = {isa = PBXFileReference; lastKnownFileType = sourcecode.swift; path = MatchingSonoyamaTakeruViewController.swift; sourceTree = "<group>"; };
		4BF4F9812C2BE6150073A443 /* UserSelect.swift */ = {isa = PBXFileReference; lastKnownFileType = sourcecode.swift; path = UserSelect.swift; sourceTree = "<group>"; };
/* End PBXFileReference section */

/* Begin PBXFrameworksBuildPhase section */
		4B57D6552BF5CADE00AE03A0 /* Frameworks */ = {
			isa = PBXFrameworksBuildPhase;
			buildActionMask = 2147483647;
			files = (
			);
			runOnlyForDeploymentPostprocessing = 0;
		};
/* End PBXFrameworksBuildPhase section */

/* Begin PBXGroup section */
		4B57D64F2BF5CADE00AE03A0 = {
			isa = PBXGroup;
			children = (
				4B57D65A2BF5CADE00AE03A0 /* sotsugyo */,
				4B57D6592BF5CADE00AE03A0 /* Products */,
			);
			sourceTree = "<group>";
		};
		4B57D6592BF5CADE00AE03A0 /* Products */ = {
			isa = PBXGroup;
			children = (
				4B57D6582BF5CADE00AE03A0 /* sotsugyo.app */,
			);
			name = Products;
			sourceTree = "<group>";
		};
		4B57D65A2BF5CADE00AE03A0 /* sotsugyo */ = {
			isa = PBXGroup;
			children = (
				4B57D65B2BF5CADE00AE03A0 /* AppDelegate.swift */,
				4B57D65D2BF5CADE00AE03A0 /* SceneDelegate.swift */,
				4B57D65F2BF5CADE00AE03A0 /* ViewController.swift */,
				4B57D6612BF5CADE00AE03A0 /* Main.storyboard */,
				4B57D6662BF5CAE100AE03A0 /* LaunchScreen.storyboard */,
				4B57D6692BF5CAE100AE03A0 /* Info.plist */,
				4BF4F9812C2BE6150073A443 /* UserSelect.swift */,
				4B30E9432C3FB175006D2F3F /* MojiHyoujiViewController.swift */,
				4BF173792CD0A633008873CB /* YamauchiKoukiCode */,
				4BF1737A2CD0A65A008873CB /* TanakaIssinCode */,
				4BF173862CD0AB0C008873CB /* SatouTakashiCode */,
				4BF173872CD0AB40008873CB /* SonoyamaTakeru */,
				4BF1737B2CD0A680008873CB /* SayamaRikuCode */,
				4B5228D52CC6230500427F75 /* Assets.xcassets */,
				4BF1737F2CD0A807008873CB /* MatchingAssets */,
				4B5228D92CC62B8800427F75 /* FirstDate.mp4 */,
				4BF173802CD0A855008873CB /* YamauchiKoukiAssets */,
				4BF173812CD0A88F008873CB /* TanakaIssinAssets */,
				4BF1738B2CD0B2C3008873CB /* SatouTakashiAssets */,
				4BF1738A2CD0B2A4008873CB /* SonoyamaTakeruAssets */,
				4BF173852CD0AAC4008873CB /* SayamaRikuAssets */,
			);
			path = sotsugyo;
			sourceTree = "<group>";
		};
		4BF173792CD0A633008873CB /* YamauchiKoukiCode */ = {
			isa = PBXGroup;
			children = (
				4B7596F62CB7A2BF00F1097C /* MatchingYamauchiKouikiOneViewController.swift */,
				4B559BED2CAFB269004C3004 /* DateYamauchiKoukiViewController.swift */,
				4BF1736D2CCB71CF008873CB /* YkDate1ViewController.swift */,
				4BF1736F2CCB7209008873CB /* YkDate2ViewController.swift */,
			);
			path = YamauchiKoukiCode;
			sourceTree = "<group>";
		};
		4BF1737A2CD0A65A008873CB /* TanakaIssinCode */ = {
			isa = PBXGroup;
			children = (
				4BF0FB8A2CC619D000BF7D75 /* MatchingTanakaIssinViewController.swift */,
				4BF0FB8C2CC61AE300BF7D75 /* DateTanakaIssinViewController.swift */,
				4B5228DC2CCA0FDC00427F75 /* TiDate1ViewController.swift */,
				4B5228DF2CCA14E600427F75 /* TiDate2ViewController.swift */,
				4B5228EB2CCA1BDE00427F75 /* TiBar1ViewController.swift */,
				4B5228ED2CCA1BF600427F75 /* TiBar2ViewController.swift */,
				4B5228F12CCA1E9C00427F75 /* TiBar3ViewController.swift */,
				4B5228F52CCA1FFF00427F75 /* TiBar4ViewController.swift */,
				4BF173612CCB6BC1008873CB /* TiBar5ViewController.swift */,
				4BF173632CCB6BED008873CB /* TiBar6ViewController.swift */,
			);
			path = TanakaIssinCode;
			sourceTree = "<group>";
		};
		4BF1737B2CD0A680008873CB /* SayamaRikuCode */ = {
			isa = PBXGroup;
			children = (
				4BF1737C2CD0A6FA008873CB /* MatchingSayamaRikuViewController.swift */,
				4BB655322CD348AD00A821F8 /* SrDate0ViewController.swift */,
				4BF173692CCB6D81008873CB /* SrDate1ViewController.swift */,
				4BF1736B2CCB6DAE008873CB /* SrDate2ViewController.swift */,
				4BF173752CD0A174008873CB /* SrDate3ViewController.swift */,
			);
			path = SayamaRikuCode;
			sourceTree = "<group>";
		};
		4BF1737F2CD0A807008873CB /* MatchingAssets */ = {
			isa = PBXGroup;
			children = (
				4B559BE52CA52970004C3004 /* MatchingYamauchiKouki.mp4 */,
				4B559BE42CA52970004C3004 /* MatchingTanakaIssin.mp4 */,
				4B559BE72CA52970004C3004 /* MatchingSatouTakashi.mp4 */,
				4B559BE32CA52970004C3004 /* MatchingSonoyamaTakeru.mp4 */,
				4B559BE62CA52970004C3004 /* MatchingSayamaRiku.mp4 */,
			);
			path = MatchingAssets;
			sourceTree = "<group>";
		};
		4BF173802CD0A855008873CB /* YamauchiKoukiAssets */ = {
			isa = PBXGroup;
			children = (
				4BF173712CCB741B008873CB /* YkDate1.mp4 */,
				4BF173732CCB7423008873CB /* YkDate2.mp4 */,
			);
			path = YamauchiKoukiAssets;
			sourceTree = "<group>";
		};
		4BF173812CD0A88F008873CB /* TanakaIssinAssets */ = {
			isa = PBXGroup;
			children = (
				4BF173822CD0A8A6008873CB /* TiDate1.mp4 */,
				4B5228E52CCA1A7000427F75 /* TiDate2.mp4 */,
				4B5228E72CCA1A7900427F75 /* TiBar1.mp4 */,
				4B5228E92CCA1A8200427F75 /* TiBar2.mp4 */,
				4B5228EF2CCA1D6A00427F75 /* TiBar3.mp4 */,
				4BF1735B2CCB6B53008873CB /* TiBar4.mp4 */,
				4BF1735D2CCB6B5D008873CB /* TiBar5.mp4 */,
				4BF1735F2CCB6B68008873CB /* TiBar6.mp4 */,
			);
			path = TanakaIssinAssets;
			sourceTree = "<group>";
		};
		4BF173852CD0AAC4008873CB /* SayamaRikuAssets */ = {
			isa = PBXGroup;
			children = (
				4BF173652CCB6D49008873CB /* SrDate1.mp4 */,
				4BF173672CCB6D56008873CB /* SrDate2.mp4 */,
			);
			path = SayamaRikuAssets;
			sourceTree = "<group>";
		};
		4BF173862CD0AB0C008873CB /* SatouTakashiCode */ = {
			isa = PBXGroup;
			children = (
				4BF173772CD0A628008873CB /* MatchingSatouTakashiViewControllerViewController.swift */,
				4BB655362CD3512100A821F8 /* JjiDate1ViewController.swift */,
				4BB655382CD3523E00A821F8 /* JjiDate2ViewController.swift */,
				4BB655412CD35DBC00A821F8 /* JjiDate3ViewController.swift */,
			);
			path = SatouTakashiCode;
			sourceTree = "<group>";
		};
		4BF173872CD0AB40008873CB /* SonoyamaTakeru */ = {
			isa = PBXGroup;
			children = (
				4BF173882CD0AB9E008873CB /* MatchingSonoyamaTakeruViewController.swift */,
				4BB6553D2CD3592D00A821F8 /* StDate1ViewController.swift */,
				4BC6550D2CDB3E92006E581E /* StDate2ViewController.swift */,
			);
			path = SonoyamaTakeru;
			sourceTree = "<group>";
		};
		4BF1738A2CD0B2A4008873CB /* SonoyamaTakeruAssets */ = {
			isa = PBXGroup;
			children = (
				4BC655092CDB3D3D006E581E /* StDate1.mp4 */,
				4BC6550B2CDB3D4C006E581E /* StDate2.mp4 */,
			);
			path = SonoyamaTakeruAssets;
			sourceTree = "<group>";
		};
		4BF1738B2CD0B2C3008873CB /* SatouTakashiAssets */ = {
			isa = PBXGroup;
			children = (
				4BB655342CD34EE200A821F8 /* JjiDate1.mp4 */,
				4BB6553B2CD3578C00A821F8 /* JjiDate2.mp4 */,
				4BB6553F2CD35D4800A821F8 /* JjiDate3.mp4 */,
			);
			path = SatouTakashiAssets;
			sourceTree = "<group>";
		};
/* End PBXGroup section */

/* Begin PBXNativeTarget section */
		4B57D6572BF5CADE00AE03A0 /* sotsugyo */ = {
			isa = PBXNativeTarget;
			buildConfigurationList = 4B57D66C2BF5CAE100AE03A0 /* Build configuration list for PBXNativeTarget "sotsugyo" */;
			buildPhases = (
				4B57D6542BF5CADE00AE03A0 /* Sources */,
				4B57D6552BF5CADE00AE03A0 /* Frameworks */,
				4B57D6562BF5CADE00AE03A0 /* Resources */,
			);
			buildRules = (
			);
			dependencies = (
			);
			name = sotsugyo;
			productName = sotsugyo;
			productReference = 4B57D6582BF5CADE00AE03A0 /* sotsugyo.app */;
			productType = "com.apple.product-type.application";
		};
/* End PBXNativeTarget section */

/* Begin PBXProject section */
		4B57D6502BF5CADE00AE03A0 /* Project object */ = {
			isa = PBXProject;
			attributes = {
				BuildIndependentTargetsInParallel = 1;
				LastSwiftUpdateCheck = 1430;
				LastUpgradeCheck = 1430;
				TargetAttributes = {
					4B57D6572BF5CADE00AE03A0 = {
						CreatedOnToolsVersion = 14.3.1;
					};
				};
			};
			buildConfigurationList = 4B57D6532BF5CADE00AE03A0 /* Build configuration list for PBXProject "sotsugyo" */;
			compatibilityVersion = "Xcode 14.0";
			developmentRegion = en;
			hasScannedForEncodings = 0;
			knownRegions = (
				en,
				Base,
			);
			mainGroup = 4B57D64F2BF5CADE00AE03A0;
			productRefGroup = 4B57D6592BF5CADE00AE03A0 /* Products */;
			projectDirPath = "";
			projectRoot = "";
			targets = (
				4B57D6572BF5CADE00AE03A0 /* sotsugyo */,
			);
		};
/* End PBXProject section */

/* Begin PBXResourcesBuildPhase section */
		4B57D6562BF5CADE00AE03A0 /* Resources */ = {
			isa = PBXResourcesBuildPhase;
			buildActionMask = 2147483647;
			files = (
				4BF1735E2CCB6B5D008873CB /* TiBar5.mp4 in Resources */,
				4B57D6682BF5CAE100AE03A0 /* LaunchScreen.storyboard in Resources */,
				4BF173602CCB6B68008873CB /* TiBar6.mp4 in Resources */,
				4B5228DA2CC62C6E00427F75 /* FirstDate.mp4 in Resources */,
				4B559BEA2CA52970004C3004 /* MatchingYamauchiKouki.mp4 in Resources */,
				4B5228EA2CCA1A8200427F75 /* TiBar2.mp4 in Resources */,
				4BB655352CD34EE200A821F8 /* JjiDate1.mp4 in Resources */,
				4BF1735C2CCB6B53008873CB /* TiBar4.mp4 in Resources */,
				4B559BEC2CA52970004C3004 /* MatchingSatouTakashi.mp4 in Resources */,
				4BB655402CD35D4800A821F8 /* JjiDate3.mp4 in Resources */,
				4B5228E82CCA1A7900427F75 /* TiBar1.mp4 in Resources */,
				4BC6550C2CDB3D4C006E581E /* StDate2.mp4 in Resources */,
				4BC6550A2CDB3D3D006E581E /* StDate1.mp4 in Resources */,
				4BF173722CCB741B008873CB /* YkDate1.mp4 in Resources */,
				4B5228E62CCA1A7000427F75 /* TiDate2.mp4 in Resources */,
				4B57D6632BF5CADE00AE03A0 /* Main.storyboard in Resources */,
				4B559BE92CA52970004C3004 /* MatchingTanakaIssin.mp4 in Resources */,
				4BB6553C2CD3578C00A821F8 /* JjiDate2.mp4 in Resources */,
				4BF173682CCB6D56008873CB /* SrDate2.mp4 in Resources */,
				4B5228F02CCA1D6A00427F75 /* TiBar3.mp4 in Resources */,
				4BF173662CCB6D4A008873CB /* SrDate1.mp4 in Resources */,
				4B559BE82CA52970004C3004 /* MatchingSonoyamaTakeru.mp4 in Resources */,
				4BB6553A2CD3548200A821F8 /* TiDate1.mp4 in Resources */,
				4B5228D62CC6230500427F75 /* Assets.xcassets in Resources */,
				4B559BEB2CA52970004C3004 /* MatchingSayamaRiku.mp4 in Resources */,
				4BF173742CCB7423008873CB /* YkDate2.mp4 in Resources */,
			);
			runOnlyForDeploymentPostprocessing = 0;
		};
/* End PBXResourcesBuildPhase section */

/* Begin PBXSourcesBuildPhase section */
		4B57D6542BF5CADE00AE03A0 /* Sources */ = {
			isa = PBXSourcesBuildPhase;
			buildActionMask = 2147483647;
			files = (
				4B5228E02CCA14E600427F75 /* TiDate2ViewController.swift in Sources */,
				4BF173762CD0A174008873CB /* SrDate3ViewController.swift in Sources */,
				4BB655332CD348AD00A821F8 /* SrDate0ViewController.swift in Sources */,
				4BF173702CCB7209008873CB /* YkDate2ViewController.swift in Sources */,
				4BF1736C2CCB6DAE008873CB /* SrDate2ViewController.swift in Sources */,
				4BF173642CCB6BED008873CB /* TiBar6ViewController.swift in Sources */,
				4B5228F62CCA1FFF00427F75 /* TiBar4ViewController.swift in Sources */,
				4B30E9442C3FB175006D2F3F /* MojiHyoujiViewController.swift in Sources */,
				4BB655422CD35DBC00A821F8 /* JjiDate3ViewController.swift in Sources */,
				4B5228DD2CCA0FDC00427F75 /* TiDate1ViewController.swift in Sources */,
				4B57D6602BF5CADE00AE03A0 /* ViewController.swift in Sources */,
				4BF0FB8B2CC619D000BF7D75 /* MatchingTanakaIssinViewController.swift in Sources */,
				4BF1737D2CD0A6FA008873CB /* MatchingSayamaRikuViewController.swift in Sources */,
				4BB6553E2CD3592D00A821F8 /* StDate1ViewController.swift in Sources */,
				4B57D65C2BF5CADE00AE03A0 /* AppDelegate.swift in Sources */,
				4BF173892CD0AB9E008873CB /* MatchingSonoyamaTakeruViewController.swift in Sources */,
				4B559BEE2CAFB269004C3004 /* DateYamauchiKoukiViewController.swift in Sources */,
				4BB655392CD3523E00A821F8 /* JjiDate2ViewController.swift in Sources */,
				4B5228EC2CCA1BDE00427F75 /* TiBar1ViewController.swift in Sources */,
				4B7596F72CB7A2BF00F1097C /* MatchingYamauchiKouikiOneViewController.swift in Sources */,
				4BF1736E2CCB71CF008873CB /* YkDate1ViewController.swift in Sources */,
				4BF0FB8D2CC61AE300BF7D75 /* DateTanakaIssinViewController.swift in Sources */,
				4BF173622CCB6BC1008873CB /* TiBar5ViewController.swift in Sources */,
				4BF173782CD0A628008873CB /* MatchingSatouTakashiViewControllerViewController.swift in Sources */,
				4BF4F9822C2BE6150073A443 /* UserSelect.swift in Sources */,
				4BC6550E2CDB3E92006E581E /* StDate2ViewController.swift in Sources */,
				4B5228F22CCA1E9C00427F75 /* TiBar3ViewController.swift in Sources */,
				4BF1736A2CCB6D81008873CB /* SrDate1ViewController.swift in Sources */,
				4BB655372CD3512100A821F8 /* JjiDate1ViewController.swift in Sources */,
				4B5228EE2CCA1BF600427F75 /* TiBar2ViewController.swift in Sources */,
				4B57D65E2BF5CADE00AE03A0 /* SceneDelegate.swift in Sources */,
			);
			runOnlyForDeploymentPostprocessing = 0;
		};
/* End PBXSourcesBuildPhase section */

/* Begin PBXVariantGroup section */
		4B57D6612BF5CADE00AE03A0 /* Main.storyboard */ = {
			isa = PBXVariantGroup;
			children = (
				4B57D6622BF5CADE00AE03A0 /* Base */,
			);
			name = Main.storyboard;
			sourceTree = "<group>";
		};
		4B57D6662BF5CAE100AE03A0 /* LaunchScreen.storyboard */ = {
			isa = PBXVariantGroup;
			children = (
				4B57D6672BF5CAE100AE03A0 /* Base */,
			);
			name = LaunchScreen.storyboard;
			sourceTree = "<group>";
		};
/* End PBXVariantGroup section */

/* Begin XCBuildConfiguration section */
		4B57D66A2BF5CAE100AE03A0 /* Debug */ = {
			isa = XCBuildConfiguration;
			buildSettings = {
				ALWAYS_SEARCH_USER_PATHS = NO;
				CLANG_ANALYZER_NONNULL = YES;
				CLANG_ANALYZER_NUMBER_OBJECT_CONVERSION = YES_AGGRESSIVE;
				CLANG_CXX_LANGUAGE_STANDARD = "gnu++20";
				CLANG_ENABLE_MODULES = YES;
				CLANG_ENABLE_OBJC_ARC = YES;
				CLANG_ENABLE_OBJC_WEAK = YES;
				CLANG_WARN_BLOCK_CAPTURE_AUTORELEASING = YES;
				CLANG_WARN_BOOL_CONVERSION = YES;
				CLANG_WARN_COMMA = YES;
				CLANG_WARN_CONSTANT_CONVERSION = YES;
				CLANG_WARN_DEPRECATED_OBJC_IMPLEMENTATIONS = YES;
				CLANG_WARN_DIRECT_OBJC_ISA_USAGE = YES_ERROR;
				CLANG_WARN_DOCUMENTATION_COMMENTS = YES;
				CLANG_WARN_EMPTY_BODY = YES;
				CLANG_WARN_ENUM_CONVERSION = YES;
				CLANG_WARN_INFINITE_RECURSION = YES;
				CLANG_WARN_INT_CONVERSION = YES;
				CLANG_WARN_NON_LITERAL_NULL_CONVERSION = YES;
				CLANG_WARN_OBJC_IMPLICIT_RETAIN_SELF = YES;
				CLANG_WARN_OBJC_LITERAL_CONVERSION = YES;
				CLANG_WARN_OBJC_ROOT_CLASS = YES_ERROR;
				CLANG_WARN_QUOTED_INCLUDE_IN_FRAMEWORK_HEADER = YES;
				CLANG_WARN_RANGE_LOOP_ANALYSIS = YES;
				CLANG_WARN_STRICT_PROTOTYPES = YES;
				CLANG_WARN_SUSPICIOUS_MOVE = YES;
				CLANG_WARN_UNGUARDED_AVAILABILITY = YES_AGGRESSIVE;
				CLANG_WARN_UNREACHABLE_CODE = YES;
				CLANG_WARN__DUPLICATE_METHOD_MATCH = YES;
				COPY_PHASE_STRIP = NO;
				DEBUG_INFORMATION_FORMAT = dwarf;
				ENABLE_STRICT_OBJC_MSGSEND = YES;
				ENABLE_TESTABILITY = YES;
				GCC_C_LANGUAGE_STANDARD = gnu11;
				GCC_DYNAMIC_NO_PIC = NO;
				GCC_NO_COMMON_BLOCKS = YES;
				GCC_OPTIMIZATION_LEVEL = 0;
				GCC_PREPROCESSOR_DEFINITIONS = (
					"DEBUG=1",
					"$(inherited)",
				);
				GCC_WARN_64_TO_32_BIT_CONVERSION = YES;
				GCC_WARN_ABOUT_RETURN_TYPE = YES_ERROR;
				GCC_WARN_UNDECLARED_SELECTOR = YES;
				GCC_WARN_UNINITIALIZED_AUTOS = YES_AGGRESSIVE;
				GCC_WARN_UNUSED_FUNCTION = YES;
				GCC_WARN_UNUSED_VARIABLE = YES;
				IPHONEOS_DEPLOYMENT_TARGET = 16.4;
				MTL_ENABLE_DEBUG_INFO = INCLUDE_SOURCE;
				MTL_FAST_MATH = YES;
				ONLY_ACTIVE_ARCH = YES;
				SDKROOT = iphoneos;
				SWIFT_ACTIVE_COMPILATION_CONDITIONS = DEBUG;
				SWIFT_OPTIMIZATION_LEVEL = "-Onone";
			};
			name = Debug;
		};
		4B57D66B2BF5CAE100AE03A0 /* Release */ = {
			isa = XCBuildConfiguration;
			buildSettings = {
				ALWAYS_SEARCH_USER_PATHS = NO;
				CLANG_ANALYZER_NONNULL = YES;
				CLANG_ANALYZER_NUMBER_OBJECT_CONVERSION = YES_AGGRESSIVE;
				CLANG_CXX_LANGUAGE_STANDARD = "gnu++20";
				CLANG_ENABLE_MODULES = YES;
				CLANG_ENABLE_OBJC_ARC = YES;
				CLANG_ENABLE_OBJC_WEAK = YES;
				CLANG_WARN_BLOCK_CAPTURE_AUTORELEASING = YES;
				CLANG_WARN_BOOL_CONVERSION = YES;
				CLANG_WARN_COMMA = YES;
				CLANG_WARN_CONSTANT_CONVERSION = YES;
				CLANG_WARN_DEPRECATED_OBJC_IMPLEMENTATIONS = YES;
				CLANG_WARN_DIRECT_OBJC_ISA_USAGE = YES_ERROR;
				CLANG_WARN_DOCUMENTATION_COMMENTS = YES;
				CLANG_WARN_EMPTY_BODY = YES;
				CLANG_WARN_ENUM_CONVERSION = YES;
				CLANG_WARN_INFINITE_RECURSION = YES;
				CLANG_WARN_INT_CONVERSION = YES;
				CLANG_WARN_NON_LITERAL_NULL_CONVERSION = YES;
				CLANG_WARN_OBJC_IMPLICIT_RETAIN_SELF = YES;
				CLANG_WARN_OBJC_LITERAL_CONVERSION = YES;
				CLANG_WARN_OBJC_ROOT_CLASS = YES_ERROR;
				CLANG_WARN_QUOTED_INCLUDE_IN_FRAMEWORK_HEADER = YES;
				CLANG_WARN_RANGE_LOOP_ANALYSIS = YES;
				CLANG_WARN_STRICT_PROTOTYPES = YES;
				CLANG_WARN_SUSPICIOUS_MOVE = YES;
				CLANG_WARN_UNGUARDED_AVAILABILITY = YES_AGGRESSIVE;
				CLANG_WARN_UNREACHABLE_CODE = YES;
				CLANG_WARN__DUPLICATE_METHOD_MATCH = YES;
				COPY_PHASE_STRIP = NO;
				DEBUG_INFORMATION_FORMAT = "dwarf-with-dsym";
				ENABLE_NS_ASSERTIONS = NO;
				ENABLE_STRICT_OBJC_MSGSEND = YES;
				GCC_C_LANGUAGE_STANDARD = gnu11;
				GCC_NO_COMMON_BLOCKS = YES;
				GCC_WARN_64_TO_32_BIT_CONVERSION = YES;
				GCC_WARN_ABOUT_RETURN_TYPE = YES_ERROR;
				GCC_WARN_UNDECLARED_SELECTOR = YES;
				GCC_WARN_UNINITIALIZED_AUTOS = YES_AGGRESSIVE;
				GCC_WARN_UNUSED_FUNCTION = YES;
				GCC_WARN_UNUSED_VARIABLE = YES;
				IPHONEOS_DEPLOYMENT_TARGET = 16.4;
				MTL_ENABLE_DEBUG_INFO = NO;
				MTL_FAST_MATH = YES;
				SDKROOT = iphoneos;
				SWIFT_COMPILATION_MODE = wholemodule;
				SWIFT_OPTIMIZATION_LEVEL = "-O";
				VALIDATE_PRODUCT = YES;
			};
			name = Release;
		};
		4B57D66D2BF5CAE100AE03A0 /* Debug */ = {
			isa = XCBuildConfiguration;
			buildSettings = {
				ASSETCATALOG_COMPILER_APPICON_NAME = AppIcon;
				ASSETCATALOG_COMPILER_GLOBAL_ACCENT_COLOR_NAME = AccentColor;
				CODE_SIGN_STYLE = Automatic;
				CURRENT_PROJECT_VERSION = 1;
				DEVELOPMENT_TEAM = AZ8L67H47H;
				GENERATE_INFOPLIST_FILE = YES;
				INFOPLIST_FILE = sotsugyo/Info.plist;
				INFOPLIST_KEY_UIApplicationSupportsIndirectInputEvents = YES;
				INFOPLIST_KEY_UILaunchStoryboardName = LaunchScreen;
				INFOPLIST_KEY_UIMainStoryboardFile = Main;
				INFOPLIST_KEY_UISupportedInterfaceOrientations_iPad = "UIInterfaceOrientationPortrait UIInterfaceOrientationPortraitUpsideDown UIInterfaceOrientationLandscapeLeft UIInterfaceOrientationLandscapeRight";
				INFOPLIST_KEY_UISupportedInterfaceOrientations_iPhone = "UIInterfaceOrientationPortrait UIInterfaceOrientationLandscapeLeft UIInterfaceOrientationLandscapeRight";
				LD_RUNPATH_SEARCH_PATHS = (
					"$(inherited)",
					"@executable_path/Frameworks",
				);
				MARKETING_VERSION = 1.0;
				PRODUCT_BUNDLE_IDENTIFIER = app.ashida.miyu.sotsugyo;
				PRODUCT_NAME = "$(TARGET_NAME)";
				SWIFT_EMIT_LOC_STRINGS = YES;
				SWIFT_VERSION = 5.0;
				TARGETED_DEVICE_FAMILY = "1,2";
			};
			name = Debug;
		};
		4B57D66E2BF5CAE100AE03A0 /* Release */ = {
			isa = XCBuildConfiguration;
			buildSettings = {
				ASSETCATALOG_COMPILER_APPICON_NAME = AppIcon;
				ASSETCATALOG_COMPILER_GLOBAL_ACCENT_COLOR_NAME = AccentColor;
				CODE_SIGN_STYLE = Automatic;
				CURRENT_PROJECT_VERSION = 1;
				DEVELOPMENT_TEAM = AZ8L67H47H;
				GENERATE_INFOPLIST_FILE = YES;
				INFOPLIST_FILE = sotsugyo/Info.plist;
				INFOPLIST_KEY_UIApplicationSupportsIndirectInputEvents = YES;
				INFOPLIST_KEY_UILaunchStoryboardName = LaunchScreen;
				INFOPLIST_KEY_UIMainStoryboardFile = Main;
				INFOPLIST_KEY_UISupportedInterfaceOrientations_iPad = "UIInterfaceOrientationPortrait UIInterfaceOrientationPortraitUpsideDown UIInterfaceOrientationLandscapeLeft UIInterfaceOrientationLandscapeRight";
				INFOPLIST_KEY_UISupportedInterfaceOrientations_iPhone = "UIInterfaceOrientationPortrait UIInterfaceOrientationLandscapeLeft UIInterfaceOrientationLandscapeRight";
				LD_RUNPATH_SEARCH_PATHS = (
					"$(inherited)",
					"@executable_path/Frameworks",
				);
				MARKETING_VERSION = 1.0;
				PRODUCT_BUNDLE_IDENTIFIER = app.ashida.miyu.sotsugyo;
				PRODUCT_NAME = "$(TARGET_NAME)";
				SWIFT_EMIT_LOC_STRINGS = YES;
				SWIFT_VERSION = 5.0;
				TARGETED_DEVICE_FAMILY = "1,2";
			};
			name = Release;
		};
/* End XCBuildConfiguration section */

/* Begin XCConfigurationList section */
		4B57D6532BF5CADE00AE03A0 /* Build configuration list for PBXProject "sotsugyo" */ = {
			isa = XCConfigurationList;
			buildConfigurations = (
				4B57D66A2BF5CAE100AE03A0 /* Debug */,
				4B57D66B2BF5CAE100AE03A0 /* Release */,
			);
			defaultConfigurationIsVisible = 0;
			defaultConfigurationName = Release;
		};
		4B57D66C2BF5CAE100AE03A0 /* Build configuration list for PBXNativeTarget "sotsugyo" */ = {
			isa = XCConfigurationList;
			buildConfigurations = (
				4B57D66D2BF5CAE100AE03A0 /* Debug */,
				4B57D66E2BF5CAE100AE03A0 /* Release */,
			);
			defaultConfigurationIsVisible = 0;
			defaultConfigurationName = Release;
		};
/* End XCConfigurationList section */
	};
	rootObject = 4B57D6502BF5CADE00AE03A0 /* Project object */;
}
